<?xml version="1.0" encoding="utf-8"?>
<Project ToolsVersion="4.0" xmlns="http://schemas.microsoft.com/developer/msbuild/2003">
  <ItemGroup>
    <Filter Include="Archivos de origen">
      <UniqueIdentifier>{4FC737F1-C7A5-4376-A066-2A32D752A2FF}</UniqueIdentifier>
      <Extensions>cpp;c;cc;cxx;c++;cppm;ixx;def;odl;idl;hpj;bat;asm;asmx</Extensions>
    </Filter>
    <Filter Include="Archivos de encabezado">
      <UniqueIdentifier>{93995380-89BD-4b04-88EB-625FBE52EBFB}</UniqueIdentifier>
      <Extensions>h;hh;hpp;hxx;h++;hm;inl;inc;ipp;xsd</Extensions>
    </Filter>
    <Filter Include="Archivos de recursos">
      <UniqueIdentifier>{67DA6AB6-F800-4c08-8B7A-83BB121AAD01}</UniqueIdentifier>
      <Extensions>rc;ico;cur;bmp;dlg;rc2;rct;bin;rgs;gif;jpg;jpeg;jpe;resx;tiff;tif;png;wav;mfcribbon-ms</Extensions>
    </Filter>
    <Filter Include="Archivos de encabezado\layers">
      <UniqueIdentifier>{ad1add94-fbb8-4a81-82ae-e0822fe525b6}</UniqueIdentifier>
    </Filter>
    <Filter Include="Archivos de origen\layers">
      <UniqueIdentifier>{230e6fe4-6e2c-4aae-aa95-6408f5609039}</UniqueIdentifier>
    </Filter>
    <Filter Include="Archivos de encabezado\actores">
      <UniqueIdentifier>{1cd81b4a-aa24-445a-a1ef-3f43f2f480ca}</UniqueIdentifier>
    </Filter>
    <Filter Include="Archivos de origen\actores">
      <UniqueIdentifier>{7f8a06ff-cc80-46db-b22f-f50a6183a192}</UniqueIdentifier>
    </Filter>
    <Filter Include="Archivos de encabezado\actores\enemigos">
      <UniqueIdentifier>{aa5ca7da-5188-47a6-bfa6-d8bf397a1ea9}</UniqueIdentifier>
    </Filter>
    <Filter Include="Archivos de encabezado\actores\items">
      <UniqueIdentifier>{f2dfd2d7-11d4-4318-ab98-3b9c5db44e52}</UniqueIdentifier>
    </Filter>
    <Filter Include="Archivos de origen\actores\enemigos">
      <UniqueIdentifier>{eb3f01fe-8cb6-434a-bdec-26b68df1a607}</UniqueIdentifier>
    </Filter>
    <Filter Include="Archivos de origen\actores\items">
      <UniqueIdentifier>{a6272f29-7b7f-48e2-8e66-a71e6ce0a7b0}</UniqueIdentifier>
    </Filter>
    <Filter Include="Archivos de encabezado\actores\tiles">
      <UniqueIdentifier>{9271ea4d-4455-46ea-80b2-eb7918f7e01c}</UniqueIdentifier>
    </Filter>
    <Filter Include="Archivos de origen\actores\tiles">
      <UniqueIdentifier>{9c696a70-e5f1-4174-92bd-b5e2c7634dfc}</UniqueIdentifier>
    </Filter>
    <Filter Include="Archivos de encabezado\actores\projectiles">
      <UniqueIdentifier>{9da0ba43-9ad9-46fe-8a83-a76464167ab0}</UniqueIdentifier>
    </Filter>
    <Filter Include="Archivos de origen\actores\projectiles">
      <UniqueIdentifier>{a32af0c9-1d3e-4f32-952c-7c86d7b258a2}</UniqueIdentifier>
    </Filter>
    <Filter Include="Archivos de encabezado\recursos">
      <UniqueIdentifier>{2dc3d97d-c2f5-4690-ad0e-f962d9bc177d}</UniqueIdentifier>
    </Filter>
    <Filter Include="Archivos de encabezado\juego">
      <UniqueIdentifier>{09b63603-5b73-4db7-bebe-a20944ab62dd}</UniqueIdentifier>
    </Filter>
    <Filter Include="Archivos de origen\recursos">
      <UniqueIdentifier>{048fc817-099d-4de8-8278-7d7078a2055a}</UniqueIdentifier>
    </Filter>
    <Filter Include="Archivos de origen\juego">
      <UniqueIdentifier>{43c0bcd1-00ab-40ee-8999-cfdfecb21a31}</UniqueIdentifier>
    </Filter>
  </ItemGroup>
  <ItemGroup>
    <ClCompile Include="Main.cpp">
      <Filter>Archivos de origen</Filter>
    </ClCompile>
    <ClCompile Include="Layer.cpp">
      <Filter>Archivos de origen\layers</Filter>
    </ClCompile>
    <ClCompile Include="Tile.cpp">
      <Filter>Archivos de origen\actores\tiles</Filter>
    </ClCompile>
    <ClCompile Include="MenuLayer.cpp">
      <Filter>Archivos de origen\layers</Filter>
    </ClCompile>
    <ClCompile Include="GameLayer.cpp">
      <Filter>Archivos de origen\layers</Filter>
    </ClCompile>
    <ClCompile Include="Enemy.cpp">
      <Filter>Archivos de origen\actores\enemigos</Filter>
    </ClCompile>
    <ClCompile Include="Actor.cpp">
      <Filter>Archivos de origen\actores</Filter>
    </ClCompile>
    <ClCompile Include="Turret.cpp">
      <Filter>Archivos de origen\actores\tiles</Filter>
    </ClCompile>
    <ClCompile Include="DestroyableTile.cpp">
      <Filter>Archivos de origen\actores\tiles</Filter>
    </ClCompile>
    <ClCompile Include="CommonTile.cpp">
      <Filter>Archivos de origen\actores\tiles</Filter>
    </ClCompile>
    <ClCompile Include="Projectile.cpp">
      <Filter>Archivos de origen\actores\projectiles</Filter>
    </ClCompile>
    <ClCompile Include="ProjectileTurret.cpp">
      <Filter>Archivos de origen\actores\projectiles</Filter>
    </ClCompile>
    <ClCompile Include="ProjectileEnemy.cpp">
      <Filter>Archivos de origen\actores\projectiles</Filter>
    </ClCompile>
    <ClCompile Include="ShooterEnemy.cpp">
      <Filter>Archivos de origen\actores\enemigos</Filter>
    </ClCompile>
    <ClCompile Include="CloseEnemy.cpp">
      <Filter>Archivos de origen\actores\enemigos</Filter>
    </ClCompile>
    <ClCompile Include="Item.cpp">
      <Filter>Archivos de origen\actores\items</Filter>
    </ClCompile>
    <ClCompile Include="Audio.cpp">
      <Filter>Archivos de origen\recursos</Filter>
    </ClCompile>
    <ClCompile Include="Text.cpp">
      <Filter>Archivos de origen\recursos</Filter>
    </ClCompile>
    <ClCompile Include="Animation.cpp">
      <Filter>Archivos de origen\juego</Filter>
    </ClCompile>
    <ClCompile Include="Background.cpp">
      <Filter>Archivos de origen\juego</Filter>
    </ClCompile>
    <ClCompile Include="Game.cpp">
      <Filter>Archivos de origen\juego</Filter>
    </ClCompile>
    <ClCompile Include="Player.cpp">
      <Filter>Archivos de origen\juego</Filter>
    </ClCompile>
    <ClCompile Include="Space.cpp">
      <Filter>Archivos de origen\juego</Filter>
    </ClCompile>
    <ClCompile Include="ExtraLife.cpp">
      <Filter>Archivos de origen\actores\items</Filter>
    </ClCompile>
    <ClCompile Include="ExtraAmmo.cpp">
      <Filter>Archivos de origen\actores\items</Filter>
    </ClCompile>
    <ClCompile Include="Coin.cpp">
      <Filter>Archivos de origen\actores\items</Filter>
    </ClCompile>
    <ClCompile Include="Invencible.cpp">
      <Filter>Archivos de origen\actores\items</Filter>
    </ClCompile>
    <ClCompile Include="Nuclear.cpp">
      <Filter>Archivos de origen\actores\items</Filter>
    </ClCompile>
  </ItemGroup>
  <ItemGroup>
    <ClInclude Include="Layer.h">
      <Filter>Archivos de encabezado\layers</Filter>
    </ClInclude>
    <ClInclude Include="Tile.h">
      <Filter>Archivos de encabezado\actores\tiles</Filter>
    </ClInclude>
    <ClInclude Include="GameLayer.h">
      <Filter>Archivos de encabezado\layers</Filter>
    </ClInclude>
    <ClInclude Include="MenuLayer.h">
      <Filter>Archivos de encabezado\layers</Filter>
    </ClInclude>
    <ClInclude Include="Enemy.h">
      <Filter>Archivos de encabezado\actores\enemigos</Filter>
    </ClInclude>
    <ClInclude Include="Actor.h">
      <Filter>Archivos de encabezado\actores</Filter>
    </ClInclude>
    <ClInclude Include="Turret.h">
      <Filter>Archivos de encabezado\actores\tiles</Filter>
    </ClInclude>
    <ClInclude Include="DestroyableTile.h">
      <Filter>Archivos de encabezado\actores\tiles</Filter>
    </ClInclude>
    <ClInclude Include="CommonTile.h">
      <Filter>Archivos de encabezado\actores\tiles</Filter>
    </ClInclude>
    <ClInclude Include="Projectile.h">
      <Filter>Archivos de encabezado\actores\projectiles</Filter>
    </ClInclude>
    <ClInclude Include="ProjectileEnemy.h">
      <Filter>Archivos de encabezado\actores\projectiles</Filter>
    </ClInclude>
    <ClInclude Include="ProjectileTurret.h">
      <Filter>Archivos de encabezado\actores\projectiles</Filter>
    </ClInclude>
    <ClInclude Include="ShooterEnemy.h">
      <Filter>Archivos de encabezado\actores\enemigos</Filter>
    </ClInclude>
    <ClInclude Include="CloseEnemy.h">
      <Filter>Archivos de encabezado\actores\enemigos</Filter>
    </ClInclude>
    <ClInclude Include="Item.h">
      <Filter>Archivos de encabezado\actores\items</Filter>
    </ClInclude>
    <ClInclude Include="Audio.h">
      <Filter>Archivos de encabezado\recursos</Filter>
    </ClInclude>
    <ClInclude Include="Text.h">
      <Filter>Archivos de encabezado\recursos</Filter>
    </ClInclude>
    <ClInclude Include="Background.h">
      <Filter>Archivos de encabezado\juego</Filter>
    </ClInclude>
    <ClInclude Include="Game.h">
      <Filter>Archivos de encabezado\juego</Filter>
    </ClInclude>
    <ClInclude Include="Space.h">
      <Filter>Archivos de encabezado\juego</Filter>
    </ClInclude>
    <ClInclude Include="Player.h">
      <Filter>Archivos de encabezado\juego</Filter>
    </ClInclude>
    <ClInclude Include="Animation.h">
      <Filter>Archivos de encabezado\juego</Filter>
    </ClInclude>
    <ClInclude Include="ExtraLife.h">
      <Filter>Archivos de encabezado\actores\items</Filter>
    </ClInclude>
    <ClInclude Include="ExtraAmmo.h">
      <Filter>Archivos de encabezado\actores\items</Filter>
    </ClInclude>
    <ClInclude Include="Nuclear.h">
      <Filter>Archivos de encabezado\actores\items</Filter>
    </ClInclude>
    <ClInclude Include="Invencible.h">
      <Filter>Archivos de encabezado\actores\items</Filter>
    </ClInclude>
    <ClInclude Include="Coin.h">
      <Filter>Archivos de encabezado\actores\items</Filter>
    </ClInclude>
  </ItemGroup>
</Project>